
Microsoft Visual Studio Solution File, Format Version 12.00
# Visual Studio 2013
VisualStudioVersion = 12.0.31101.0
MinimumVisualStudioVersion = 10.0.40219.1
Project("{FAE04EC0-301F-11D3-BF4B-00C04F79EFBC}") = "HomeControl", "HomeControl\HomeControl.csproj", "{081DD74A-4100-45F9-A7FA-E18A7EC30C08}"
EndProject
Project("{FAE04EC0-301F-11D3-BF4B-00C04F79EFBC}") = "WifiDeviceSensor", "WifiPersonIdentifier\WifiDeviceSensor.csproj", "{341A4483-D21B-474C-92B9-8F02C2B53C3C}"
EndProject
Project("{FAE04EC0-301F-11D3-BF4B-00C04F79EFBC}") = "HomeControlService.Host", "HomeControlService.Host\HomeControlService.Host.csproj", "{53A5B53F-BF5C-4AFC-AAB0-744D73E2E67A}"
EndProject
Project("{FAE04EC0-301F-11D3-BF4B-00C04F79EFBC}") = "Helpers", "..\Common\Helpers\Helpers.csproj", "{73C414DA-6F7A-4C1A-B393-6B37D172B394}"
EndProject
Project("{FAE04EC0-301F-11D3-BF4B-00C04F79EFBC}") = "HomeControl.Detection", "HomeControlCommon\HomeControl.Detection.csproj", "{8C0C56CB-9EB5-40EF-8F6E-78F5C3DA5C3D}"
EndProject
Project("{FAE04EC0-301F-11D3-BF4B-00C04F79EFBC}") = "HomeControl.Local.App", "HomeControlService.App\HomeControl.Local.App.csproj", "{B3C50FB9-25AD-43CB-8F4D-13294AE1831C}"
EndProject
Project("{FAE04EC0-301F-11D3-BF4B-00C04F79EFBC}") = "HomeControl.Local.LocalHomeControlService", "HomeControlService\HomeControl.Local.LocalHomeControlService.csproj", "{B19E89CA-BA41-400C-9E47-56B4BEA6D5D7}"
EndProject
Project("{FAE04EC0-301F-11D3-BF4B-00C04F79EFBC}") = "HomeControl.PresenceManager", "HomeControl.PresenseManager\HomeControl.PresenceManager.csproj", "{3FE760FF-5C54-41BD-B0C1-BCCB94D8B7B1}"
EndProject
Project("{2150E333-8FDC-42A3-9474-1A3956D46DE8}") = "HomeControl.Local", "HomeControl.Local", "{4346E8CF-9521-4EDB-8B59-C68DF9CDCC02}"
EndProject
Project("{2150E333-8FDC-42A3-9474-1A3956D46DE8}") = "HomeControl.Cloud", "HomeControl.Cloud", "{D5AB0813-6BD1-4055-9EDA-BE775AA6FBAC}"
EndProject
Project("{FAE04EC0-301F-11D3-BF4B-00C04F79EFBC}") = "HomeControl.Cloud.FeedManager", "HomeControl.Cloud.FeedManager\HomeControl.Cloud.FeedManager.csproj", "{E43488C8-58AC-4CB1-9A54-E1503BA4600F}"
EndProject
Project("{FAE04EC0-301F-11D3-BF4B-00C04F79EFBC}") = "HomeControl.Cloud.Contracts", "HomeControl.Cloud.Contracts\HomeControl.Cloud.Contracts.csproj", "{3AEA9176-F05A-405B-B2A9-9C576623A90D}"
EndProject
Project("{FAE04EC0-301F-11D3-BF4B-00C04F79EFBC}") = "HomeControl.Cloud.StateManager", "HomeControl.Cloud.StateManager\HomeControl.Cloud.StateManager.csproj", "{B2296300-3C83-47EE-A125-5B4A918E62C6}"
EndProject
Project("{FAE04EC0-301F-11D3-BF4B-00C04F79EFBC}") = "HomeControl.Cloud.ManagersBasicHost", "HomeControl.Cloud.ManagersBasicHost\HomeControl.Cloud.ManagersBasicHost.csproj", "{BD130346-4999-44E4-9B87-BAE36E226387}"
EndProject
Project("{FAE04EC0-301F-11D3-BF4B-00C04F79EFBC}") = "HomeControl.Cloud.HoneyImHome", "HomeControl.Cloud.HoneyImHome\HomeControl.Cloud.HoneyImHome.csproj", "{C5E57BF3-9DCC-4981-B148-E4E786E67609}"
EndProject
Project("{FAE04EC0-301F-11D3-BF4B-00C04F79EFBC}") = "HomeControl.Cloud.ManagersWcfHost", "HomeControl.Cloud.ManagersWcfHost\HomeControl.Cloud.ManagersWcfHost.csproj", "{5EB206F2-D283-4242-B026-91412830DC85}"
EndProject
Global
	GlobalSection(SolutionConfigurationPlatforms) = preSolution
		Debug|Any CPU = Debug|Any CPU
		DeployAzure|Any CPU = DeployAzure|Any CPU
		DeployService|Any CPU = DeployService|Any CPU
		Release|Any CPU = Release|Any CPU
	EndGlobalSection
	GlobalSection(ProjectConfigurationPlatforms) = postSolution
		{081DD74A-4100-45F9-A7FA-E18A7EC30C08}.Debug|Any CPU.ActiveCfg = Debug|Any CPU
		{081DD74A-4100-45F9-A7FA-E18A7EC30C08}.Debug|Any CPU.Build.0 = Debug|Any CPU
		{081DD74A-4100-45F9-A7FA-E18A7EC30C08}.DeployAzure|Any CPU.ActiveCfg = DeployAzure|Any CPU
		{081DD74A-4100-45F9-A7FA-E18A7EC30C08}.DeployAzure|Any CPU.Build.0 = DeployAzure|Any CPU
		{081DD74A-4100-45F9-A7FA-E18A7EC30C08}.DeployService|Any CPU.ActiveCfg = DeployService|Any CPU
		{081DD74A-4100-45F9-A7FA-E18A7EC30C08}.DeployService|Any CPU.Build.0 = DeployService|Any CPU
		{081DD74A-4100-45F9-A7FA-E18A7EC30C08}.Release|Any CPU.ActiveCfg = Release|Any CPU
		{081DD74A-4100-45F9-A7FA-E18A7EC30C08}.Release|Any CPU.Build.0 = Release|Any CPU
		{341A4483-D21B-474C-92B9-8F02C2B53C3C}.Debug|Any CPU.ActiveCfg = Debug|Any CPU
		{341A4483-D21B-474C-92B9-8F02C2B53C3C}.Debug|Any CPU.Build.0 = Debug|Any CPU
		{341A4483-D21B-474C-92B9-8F02C2B53C3C}.DeployAzure|Any CPU.ActiveCfg = DeployAzure|Any CPU
		{341A4483-D21B-474C-92B9-8F02C2B53C3C}.DeployAzure|Any CPU.Build.0 = DeployAzure|Any CPU
		{341A4483-D21B-474C-92B9-8F02C2B53C3C}.DeployService|Any CPU.ActiveCfg = DeployService|Any CPU
		{341A4483-D21B-474C-92B9-8F02C2B53C3C}.DeployService|Any CPU.Build.0 = DeployService|Any CPU
		{341A4483-D21B-474C-92B9-8F02C2B53C3C}.Release|Any CPU.ActiveCfg = Release|Any CPU
		{341A4483-D21B-474C-92B9-8F02C2B53C3C}.Release|Any CPU.Build.0 = Release|Any CPU
		{53A5B53F-BF5C-4AFC-AAB0-744D73E2E67A}.Debug|Any CPU.ActiveCfg = Debug|Any CPU
		{53A5B53F-BF5C-4AFC-AAB0-744D73E2E67A}.Debug|Any CPU.Build.0 = Debug|Any CPU
		{53A5B53F-BF5C-4AFC-AAB0-744D73E2E67A}.DeployAzure|Any CPU.ActiveCfg = DeployAzure|Any CPU
		{53A5B53F-BF5C-4AFC-AAB0-744D73E2E67A}.DeployAzure|Any CPU.Build.0 = DeployAzure|Any CPU
		{53A5B53F-BF5C-4AFC-AAB0-744D73E2E67A}.DeployService|Any CPU.ActiveCfg = DeployService|Any CPU
		{53A5B53F-BF5C-4AFC-AAB0-744D73E2E67A}.DeployService|Any CPU.Build.0 = DeployService|Any CPU
		{53A5B53F-BF5C-4AFC-AAB0-744D73E2E67A}.Release|Any CPU.ActiveCfg = Release|Any CPU
		{53A5B53F-BF5C-4AFC-AAB0-744D73E2E67A}.Release|Any CPU.Build.0 = Release|Any CPU
		{73C414DA-6F7A-4C1A-B393-6B37D172B394}.Debug|Any CPU.ActiveCfg = Debug|Any CPU
		{73C414DA-6F7A-4C1A-B393-6B37D172B394}.Debug|Any CPU.Build.0 = Debug|Any CPU
		{73C414DA-6F7A-4C1A-B393-6B37D172B394}.DeployAzure|Any CPU.ActiveCfg = DeployAzure|Any CPU
		{73C414DA-6F7A-4C1A-B393-6B37D172B394}.DeployAzure|Any CPU.Build.0 = DeployAzure|Any CPU
		{73C414DA-6F7A-4C1A-B393-6B37D172B394}.DeployService|Any CPU.ActiveCfg = DeployService|Any CPU
		{73C414DA-6F7A-4C1A-B393-6B37D172B394}.DeployService|Any CPU.Build.0 = DeployService|Any CPU
		{73C414DA-6F7A-4C1A-B393-6B37D172B394}.Release|Any CPU.ActiveCfg = Release|Any CPU
		{73C414DA-6F7A-4C1A-B393-6B37D172B394}.Release|Any CPU.Build.0 = Release|Any CPU
		{8C0C56CB-9EB5-40EF-8F6E-78F5C3DA5C3D}.Debug|Any CPU.ActiveCfg = Debug|Any CPU
		{8C0C56CB-9EB5-40EF-8F6E-78F5C3DA5C3D}.Debug|Any CPU.Build.0 = Debug|Any CPU
		{8C0C56CB-9EB5-40EF-8F6E-78F5C3DA5C3D}.DeployAzure|Any CPU.ActiveCfg = DeployAzure|Any CPU
		{8C0C56CB-9EB5-40EF-8F6E-78F5C3DA5C3D}.DeployAzure|Any CPU.Build.0 = DeployAzure|Any CPU
		{8C0C56CB-9EB5-40EF-8F6E-78F5C3DA5C3D}.DeployService|Any CPU.ActiveCfg = DeployService|Any CPU
		{8C0C56CB-9EB5-40EF-8F6E-78F5C3DA5C3D}.DeployService|Any CPU.Build.0 = DeployService|Any CPU
		{8C0C56CB-9EB5-40EF-8F6E-78F5C3DA5C3D}.Release|Any CPU.ActiveCfg = Release|Any CPU
		{8C0C56CB-9EB5-40EF-8F6E-78F5C3DA5C3D}.Release|Any CPU.Build.0 = Release|Any CPU
		{B3C50FB9-25AD-43CB-8F4D-13294AE1831C}.Debug|Any CPU.ActiveCfg = Debug|Any CPU
		{B3C50FB9-25AD-43CB-8F4D-13294AE1831C}.Debug|Any CPU.Build.0 = Debug|Any CPU
		{B3C50FB9-25AD-43CB-8F4D-13294AE1831C}.DeployAzure|Any CPU.ActiveCfg = DeployAzure|Any CPU
		{B3C50FB9-25AD-43CB-8F4D-13294AE1831C}.DeployAzure|Any CPU.Build.0 = DeployAzure|Any CPU
		{B3C50FB9-25AD-43CB-8F4D-13294AE1831C}.DeployService|Any CPU.ActiveCfg = DeployService|Any CPU
		{B3C50FB9-25AD-43CB-8F4D-13294AE1831C}.DeployService|Any CPU.Build.0 = DeployService|Any CPU
		{B3C50FB9-25AD-43CB-8F4D-13294AE1831C}.Release|Any CPU.ActiveCfg = Release|Any CPU
		{B3C50FB9-25AD-43CB-8F4D-13294AE1831C}.Release|Any CPU.Build.0 = Release|Any CPU
		{B19E89CA-BA41-400C-9E47-56B4BEA6D5D7}.Debug|Any CPU.ActiveCfg = Debug|Any CPU
		{B19E89CA-BA41-400C-9E47-56B4BEA6D5D7}.Debug|Any CPU.Build.0 = Debug|Any CPU
		{B19E89CA-BA41-400C-9E47-56B4BEA6D5D7}.DeployAzure|Any CPU.ActiveCfg = DeployAzure|Any CPU
		{B19E89CA-BA41-400C-9E47-56B4BEA6D5D7}.DeployAzure|Any CPU.Build.0 = DeployAzure|Any CPU
		{B19E89CA-BA41-400C-9E47-56B4BEA6D5D7}.DeployService|Any CPU.ActiveCfg = DeployService|Any CPU
		{B19E89CA-BA41-400C-9E47-56B4BEA6D5D7}.DeployService|Any CPU.Build.0 = DeployService|Any CPU
		{B19E89CA-BA41-400C-9E47-56B4BEA6D5D7}.Release|Any CPU.ActiveCfg = Release|Any CPU
		{B19E89CA-BA41-400C-9E47-56B4BEA6D5D7}.Release|Any CPU.Build.0 = Release|Any CPU
		{3FE760FF-5C54-41BD-B0C1-BCCB94D8B7B1}.Debug|Any CPU.ActiveCfg = Debug|Any CPU
		{3FE760FF-5C54-41BD-B0C1-BCCB94D8B7B1}.Debug|Any CPU.Build.0 = Debug|Any CPU
		{3FE760FF-5C54-41BD-B0C1-BCCB94D8B7B1}.DeployAzure|Any CPU.ActiveCfg = DeployAzure|Any CPU
		{3FE760FF-5C54-41BD-B0C1-BCCB94D8B7B1}.DeployAzure|Any CPU.Build.0 = DeployAzure|Any CPU
		{3FE760FF-5C54-41BD-B0C1-BCCB94D8B7B1}.DeployService|Any CPU.ActiveCfg = Debug|Any CPU
		{3FE760FF-5C54-41BD-B0C1-BCCB94D8B7B1}.DeployService|Any CPU.Build.0 = Debug|Any CPU
		{3FE760FF-5C54-41BD-B0C1-BCCB94D8B7B1}.Release|Any CPU.ActiveCfg = Release|Any CPU
		{3FE760FF-5C54-41BD-B0C1-BCCB94D8B7B1}.Release|Any CPU.Build.0 = Release|Any CPU
		{E43488C8-58AC-4CB1-9A54-E1503BA4600F}.Debug|Any CPU.ActiveCfg = Debug|Any CPU
		{E43488C8-58AC-4CB1-9A54-E1503BA4600F}.Debug|Any CPU.Build.0 = Debug|Any CPU
		{E43488C8-58AC-4CB1-9A54-E1503BA4600F}.DeployAzure|Any CPU.ActiveCfg = DeployAzure|Any CPU
		{E43488C8-58AC-4CB1-9A54-E1503BA4600F}.DeployAzure|Any CPU.Build.0 = DeployAzure|Any CPU
		{E43488C8-58AC-4CB1-9A54-E1503BA4600F}.DeployService|Any CPU.ActiveCfg = Debug|Any CPU
		{E43488C8-58AC-4CB1-9A54-E1503BA4600F}.DeployService|Any CPU.Build.0 = Debug|Any CPU
		{E43488C8-58AC-4CB1-9A54-E1503BA4600F}.Release|Any CPU.ActiveCfg = Release|Any CPU
		{E43488C8-58AC-4CB1-9A54-E1503BA4600F}.Release|Any CPU.Build.0 = Release|Any CPU
		{3AEA9176-F05A-405B-B2A9-9C576623A90D}.Debug|Any CPU.ActiveCfg = Debug|Any CPU
		{3AEA9176-F05A-405B-B2A9-9C576623A90D}.Debug|Any CPU.Build.0 = Debug|Any CPU
		{3AEA9176-F05A-405B-B2A9-9C576623A90D}.DeployAzure|Any CPU.ActiveCfg = DeployAzure|Any CPU
		{3AEA9176-F05A-405B-B2A9-9C576623A90D}.DeployAzure|Any CPU.Build.0 = DeployAzure|Any CPU
		{3AEA9176-F05A-405B-B2A9-9C576623A90D}.DeployService|Any CPU.ActiveCfg = Debug|Any CPU
		{3AEA9176-F05A-405B-B2A9-9C576623A90D}.DeployService|Any CPU.Build.0 = Debug|Any CPU
		{3AEA9176-F05A-405B-B2A9-9C576623A90D}.Release|Any CPU.ActiveCfg = Release|Any CPU
		{3AEA9176-F05A-405B-B2A9-9C576623A90D}.Release|Any CPU.Build.0 = Release|Any CPU
		{B2296300-3C83-47EE-A125-5B4A918E62C6}.Debug|Any CPU.ActiveCfg = Debug|Any CPU
		{B2296300-3C83-47EE-A125-5B4A918E62C6}.Debug|Any CPU.Build.0 = Debug|Any CPU
		{B2296300-3C83-47EE-A125-5B4A918E62C6}.DeployAzure|Any CPU.ActiveCfg = DeployAzure|Any CPU
		{B2296300-3C83-47EE-A125-5B4A918E62C6}.DeployAzure|Any CPU.Build.0 = DeployAzure|Any CPU
		{B2296300-3C83-47EE-A125-5B4A918E62C6}.DeployService|Any CPU.ActiveCfg = Debug|Any CPU
		{B2296300-3C83-47EE-A125-5B4A918E62C6}.DeployService|Any CPU.Build.0 = Debug|Any CPU
		{B2296300-3C83-47EE-A125-5B4A918E62C6}.Release|Any CPU.ActiveCfg = Release|Any CPU
		{B2296300-3C83-47EE-A125-5B4A918E62C6}.Release|Any CPU.Build.0 = Release|Any CPU
		{BD130346-4999-44E4-9B87-BAE36E226387}.Debug|Any CPU.ActiveCfg = Debug|Any CPU
		{BD130346-4999-44E4-9B87-BAE36E226387}.Debug|Any CPU.Build.0 = Debug|Any CPU
		{BD130346-4999-44E4-9B87-BAE36E226387}.DeployAzure|Any CPU.ActiveCfg = DeployAzure|Any CPU
		{BD130346-4999-44E4-9B87-BAE36E226387}.DeployAzure|Any CPU.Build.0 = DeployAzure|Any CPU
		{BD130346-4999-44E4-9B87-BAE36E226387}.DeployService|Any CPU.ActiveCfg = Debug|Any CPU
		{BD130346-4999-44E4-9B87-BAE36E226387}.DeployService|Any CPU.Build.0 = Debug|Any CPU
		{BD130346-4999-44E4-9B87-BAE36E226387}.Release|Any CPU.ActiveCfg = Release|Any CPU
		{BD130346-4999-44E4-9B87-BAE36E226387}.Release|Any CPU.Build.0 = Release|Any CPU
		{C5E57BF3-9DCC-4981-B148-E4E786E67609}.Debug|Any CPU.ActiveCfg = Debug|Any CPU
		{C5E57BF3-9DCC-4981-B148-E4E786E67609}.Debug|Any CPU.Build.0 = Debug|Any CPU
		{C5E57BF3-9DCC-4981-B148-E4E786E67609}.DeployAzure|Any CPU.ActiveCfg = DeployAzure|Any CPU
		{C5E57BF3-9DCC-4981-B148-E4E786E67609}.DeployAzure|Any CPU.Build.0 = DeployAzure|Any CPU
		{C5E57BF3-9DCC-4981-B148-E4E786E67609}.DeployService|Any CPU.ActiveCfg = Debug|Any CPU
		{C5E57BF3-9DCC-4981-B148-E4E786E67609}.DeployService|Any CPU.Build.0 = Debug|Any CPU
		{C5E57BF3-9DCC-4981-B148-E4E786E67609}.Release|Any CPU.ActiveCfg = Release|Any CPU
		{C5E57BF3-9DCC-4981-B148-E4E786E67609}.Release|Any CPU.Build.0 = Release|Any CPU
		{5EB206F2-D283-4242-B026-91412830DC85}.Debug|Any CPU.ActiveCfg = Debug|Any CPU
		{5EB206F2-D283-4242-B026-91412830DC85}.Debug|Any CPU.Build.0 = Debug|Any CPU
		{5EB206F2-D283-4242-B026-91412830DC85}.DeployAzure|Any CPU.ActiveCfg = Debug|Any CPU
		{5EB206F2-D283-4242-B026-91412830DC85}.DeployAzure|Any CPU.Build.0 = Debug|Any CPU
		{5EB206F2-D283-4242-B026-91412830DC85}.DeployService|Any CPU.ActiveCfg = Debug|Any CPU
		{5EB206F2-D283-4242-B026-91412830DC85}.DeployService|Any CPU.Build.0 = Debug|Any CPU
		{5EB206F2-D283-4242-B026-91412830DC85}.Release|Any CPU.ActiveCfg = Release|Any CPU
		{5EB206F2-D283-4242-B026-91412830DC85}.Release|Any CPU.Build.0 = Release|Any CPU
	EndGlobalSection
	GlobalSection(SolutionProperties) = preSolution
		HideSolutionNode = FALSE
	EndGlobalSection
	GlobalSection(NestedProjects) = preSolution
		{081DD74A-4100-45F9-A7FA-E18A7EC30C08} = {4346E8CF-9521-4EDB-8B59-C68DF9CDCC02}
		{341A4483-D21B-474C-92B9-8F02C2B53C3C} = {4346E8CF-9521-4EDB-8B59-C68DF9CDCC02}
		{53A5B53F-BF5C-4AFC-AAB0-744D73E2E67A} = {4346E8CF-9521-4EDB-8B59-C68DF9CDCC02}
		{8C0C56CB-9EB5-40EF-8F6E-78F5C3DA5C3D} = {4346E8CF-9521-4EDB-8B59-C68DF9CDCC02}
		{B3C50FB9-25AD-43CB-8F4D-13294AE1831C} = {4346E8CF-9521-4EDB-8B59-C68DF9CDCC02}
		{B19E89CA-BA41-400C-9E47-56B4BEA6D5D7} = {4346E8CF-9521-4EDB-8B59-C68DF9CDCC02}
		{3FE760FF-5C54-41BD-B0C1-BCCB94D8B7B1} = {4346E8CF-9521-4EDB-8B59-C68DF9CDCC02}
		{E43488C8-58AC-4CB1-9A54-E1503BA4600F} = {D5AB0813-6BD1-4055-9EDA-BE775AA6FBAC}
		{3AEA9176-F05A-405B-B2A9-9C576623A90D} = {D5AB0813-6BD1-4055-9EDA-BE775AA6FBAC}
		{B2296300-3C83-47EE-A125-5B4A918E62C6} = {D5AB0813-6BD1-4055-9EDA-BE775AA6FBAC}
		{BD130346-4999-44E4-9B87-BAE36E226387} = {D5AB0813-6BD1-4055-9EDA-BE775AA6FBAC}
		{C5E57BF3-9DCC-4981-B148-E4E786E67609} = {D5AB0813-6BD1-4055-9EDA-BE775AA6FBAC}
		{5EB206F2-D283-4242-B026-91412830DC85} = {D5AB0813-6BD1-4055-9EDA-BE775AA6FBAC}
	EndGlobalSection
EndGlobal
